
Microsoft Visual Studio Solution File, Format Version 12.00
# Visual Studio Version 17
VisualStudioVersion = 17.11.35312.102
MinimumVisualStudioVersion = 10.0.40219.1
Project("{FAE04EC0-301F-11D3-BF4B-00C04F79EFBC}") = "calculadorav2", "calculadorav2\calculadorav2.csproj", "{272D6DDD-4D47-4691-A162-E0FF086859EE}"
EndProject
Global
	GlobalSection(SolutionConfigurationPlatforms) = preSolution
		Debug|Any CPU = Debug|Any CPU
		Release|Any CPU = Release|Any CPU
	EndGlobalSection
	GlobalSection(ProjectConfigurationPlatforms) = postSolution
		{272D6DDD-4D47-4691-A162-E0FF086859EE}.Debug|Any CPU.ActiveCfg = Debug|Any CPU
		{272D6DDD-4D47-4691-A162-E0FF086859EE}.Debug|Any CPU.Build.0 = Debug|Any CPU
		{272D6DDD-4D47-4691-A162-E0FF086859EE}.Release|Any CPU.ActiveCfg = Release|Any CPU
		{272D6DDD-4D47-4691-A162-E0FF086859EE}.Release|Any CPU.Build.0 = Release|Any CPU
	EndGlobalSection
	GlobalSection(SolutionProperties) = preSolution
		HideSolutionNode = FALSE
	EndGlobalSection
	GlobalSection(ExtensibilityGlobals) = postSolution
		SolutionGuid = {E89FD365-A1DA-40A7-BC92-3CB60ED12CA5}
	EndGlobalSection
EndGlobal
